
Microsoft Visual Studio Solution File, Format Version 12.00
# Visual Studio 15
Project("{FAE04EC0-301F-11D3-BF4B-00C04F79EFBC}") = "Exam", "Exam\Exam.csproj", "{3A93973A-F082-4AC7-9BD6-0638CEB5A43D}"
EndProject
Global
	GlobalSection(SolutionConfigurationPlatforms) = preSolution
		Debug|anycpu = Debug|anycpu
		Release|anycpu = Release|anycpu
	EndGlobalSection
	GlobalSection(ProjectConfigurationPlatforms) = postSolution
		{3A93973A-F082-4AC7-9BD6-0638CEB5A43D}.Debug|anycpu.ActiveCfg = Debug|anycpu
		{3A93973A-F082-4AC7-9BD6-0638CEB5A43D}.Debug|anycpu.Build.0 = Debug|anycpu
		{3A93973A-F082-4AC7-9BD6-0638CEB5A43D}.Release|anycpu.ActiveCfg = Release|anycpu
		{3A93973A-F082-4AC7-9BD6-0638CEB5A43D}.Release|anycpu.Build.0 = Release|anycpu
	EndGlobalSection
EndGlobal
